
Microsoft Visual Studio Solution File, Format Version 12.00
# Visual Studio 2013
VisualStudioVersion = 12.0.30723.0
MinimumVisualStudioVersion = 10.0.40219.1
Project("{FAE04EC0-301F-11D3-BF4B-00C04F79EFBC}") = "WuMalphite", "WuMalphite\WuMalphite.csproj", "{35FDCE08-8D60-4DD5-9092-51F435031EAE}"
EndProject
Global
	GlobalSection(SolutionConfigurationPlatforms) = preSolution
		Debug|Any CPU = Debug|Any CPU
		Release|Any CPU = Release|Any CPU
	EndGlobalSection
	GlobalSection(ProjectConfigurationPlatforms) = postSolution
		{35FDCE08-8D60-4DD5-9092-51F435031EAE}.Debug|Any CPU.ActiveCfg = Debug|Any CPU
		{35FDCE08-8D60-4DD5-9092-51F435031EAE}.Debug|Any CPU.Build.0 = Debug|Any CPU
		{35FDCE08-8D60-4DD5-9092-51F435031EAE}.Release|Any CPU.ActiveCfg = Release|Any CPU
		{35FDCE08-8D60-4DD5-9092-51F435031EAE}.Release|Any CPU.Build.0 = Release|Any CPU
	EndGlobalSection
	GlobalSection(SolutionProperties) = preSolution
		HideSolutionNode = FALSE
	EndGlobalSection
EndGlobal
